{
  "version": 4,
  "terraform_version": "1.12.2",
  "serial": 5,
  "lineage": "c3e6f814-9820-a23c-1a42-98d3afeb8f0f",
  "outputs": {},
  "resources": [
    {
      "mode": "data",
      "type": "alicloud_instance_types",
      "name": "default",
      "provider": "provider[\"registry.terraform.io/hashicorp/alicloud\"]",
      "instances": [
        {
          "schema_version": 0,
          "attributes": {
            "availability_zone": "cn-hangzhou-b",
            "cpu_core_count": 2,
            "eni_amount": null,
            "gpu_amount": null,
            "gpu_spec": null,
            "id": "3460416371",
            "ids": [
              "ecs.c5.large",
              "ecs.c7.large",
              "ecs.c7nex.large",
              "ecs.u1-c1m2.large",
              "ecs.c8y.large",
              "ecs.c8a.large",
              "ecs.c8i.large",
              "ecs.hfc8i.large",
              "ecs.c9i.large"
            ],
            "image_id": null,
            "instance_charge_type": "PostPaid",
            "instance_type": null,
            "instance_type_family": null,
            "instance_types": [
              {
                "availability_zones": [
                  "cn-hangzhou-b"
                ],
                "burstable_instance": {
                  "baseline_credit": "0",
                  "initial_credit": "0"
                },
                "cpu_core_count": 2,
                "eni_amount": 2,
                "eni_ipv6_address_quantity": 1,
                "eni_private_ip_address_quantity": 6,
                "eni_quantity": 2,
                "family": "ecs.c5",
                "gpu": {
                  "amount": "0",
                  "category": ""
                },
                "id": "ecs.c5.large",
                "local_storage": {
                  "amount": "0",
                  "capacity": "0",
                  "category": ""
                },
                "maximum_queue_number_per_eni": 0,
                "memory_size": 4,
                "nvme_support": "unsupported",
                "price": "",
                "primary_eni_queue_number": 2,
                "secondary_eni_queue_number": 2,
                "total_eni_queue_quantity": 4
              },
              {
                "availability_zones": [
                  "cn-hangzhou-b"
                ],
                "burstable_instance": {
                  "baseline_credit": "0",
                  "initial_credit": "0"
                },
                "cpu_core_count": 2,
                "eni_amount": 3,
                "eni_ipv6_address_quantity": 6,
                "eni_private_ip_address_quantity": 6,
                "eni_quantity": 3,
                "family": "ecs.c7",
                "gpu": {
                  "amount": "0",
                  "category": ""
                },
                "id": "ecs.c7.large",
                "local_storage": {
                  "amount": "0",
                  "capacity": "0",
                  "category": ""
                },
                "maximum_queue_number_per_eni": 2,
                "memory_size": 4,
                "nvme_support": "unsupported",
                "price": "",
                "primary_eni_queue_number": 2,
                "secondary_eni_queue_number": 2,
                "total_eni_queue_quantity": 6
              },
              {
                "availability_zones": [
                  "cn-hangzhou-b"
                ],
                "burstable_instance": {
                  "baseline_credit": "0",
                  "initial_credit": "0"
                },
                "cpu_core_count": 2,
                "eni_amount": 3,
                "eni_ipv6_address_quantity": 10,
                "eni_private_ip_address_quantity": 10,
                "eni_quantity": 3,
                "family": "ecs.c7nex",
                "gpu": {
                  "amount": "0",
                  "category": ""
                },
                "id": "ecs.c7nex.large",
                "local_storage": {
                  "amount": "0",
                  "capacity": "0",
                  "category": ""
                },
                "maximum_queue_number_per_eni": 2,
                "memory_size": 4,
                "nvme_support": "unsupported",
                "price": "",
                "primary_eni_queue_number": 2,
                "secondary_eni_queue_number": 2,
                "total_eni_queue_quantity": 6
              },
              {
                "availability_zones": [
                  "cn-hangzhou-b"
                ],
                "burstable_instance": {
                  "baseline_credit": "0",
                  "initial_credit": "0"
                },
                "cpu_core_count": 2,
                "eni_amount": 2,
                "eni_ipv6_address_quantity": 2,
                "eni_private_ip_address_quantity": 6,
                "eni_quantity": 2,
                "family": "ecs.u1",
                "gpu": {
                  "amount": "0",
                  "category": ""
                },
                "id": "ecs.u1-c1m2.large",
                "local_storage": {
                  "amount": "0",
                  "capacity": "0",
                  "category": ""
                },
                "maximum_queue_number_per_eni": 2,
                "memory_size": 4,
                "nvme_support": "unsupported",
                "price": "",
                "primary_eni_queue_number": 2,
                "secondary_eni_queue_number": 2,
                "total_eni_queue_quantity": 4
              },
              {
                "availability_zones": [
                  "cn-hangzhou-b"
                ],
                "burstable_instance": {
                  "baseline_credit": "0",
                  "initial_credit": "0"
                },
                "cpu_core_count": 2,
                "eni_amount": 3,
                "eni_ipv6_address_quantity": 6,
                "eni_private_ip_address_quantity": 6,
                "eni_quantity": 3,
                "family": "ecs.c8y",
                "gpu": {
                  "amount": "0",
                  "category": ""
                },
                "id": "ecs.c8y.large",
                "local_storage": {
                  "amount": "0",
                  "capacity": "0",
                  "category": ""
                },
                "maximum_queue_number_per_eni": 2,
                "memory_size": 4,
                "nvme_support": "required",
                "price": "",
                "primary_eni_queue_number": 2,
                "secondary_eni_queue_number": 2,
                "total_eni_queue_quantity": 6
              },
              {
                "availability_zones": [
                  "cn-hangzhou-b"
                ],
                "burstable_instance": {
                  "baseline_credit": "0",
                  "initial_credit": "0"
                },
                "cpu_core_count": 2,
                "eni_amount": 3,
                "eni_ipv6_address_quantity": 6,
                "eni_private_ip_address_quantity": 6,
                "eni_quantity": 3,
                "family": "ecs.c8a",
                "gpu": {
                  "amount": "0",
                  "category": ""
                },
                "id": "ecs.c8a.large",
                "local_storage": {
                  "amount": "0",
                  "capacity": "0",
                  "category": ""
                },
                "maximum_queue_number_per_eni": 2,
                "memory_size": 4,
                "nvme_support": "required",
                "price": "",
                "primary_eni_queue_number": 2,
                "secondary_eni_queue_number": 2,
                "total_eni_queue_quantity": 6
              },
              {
                "availability_zones": [
                  "cn-hangzhou-b"
                ],
                "burstable_instance": {
                  "baseline_credit": "0",
                  "initial_credit": "0"
                },
                "cpu_core_count": 2,
                "eni_amount": 3,
                "eni_ipv6_address_quantity": 6,
                "eni_private_ip_address_quantity": 6,
                "eni_quantity": 3,
                "family": "ecs.c8i",
                "gpu": {
                  "amount": "0",
                  "category": ""
                },
                "id": "ecs.c8i.large",
                "local_storage": {
                  "amount": "0",
                  "capacity": "0",
                  "category": ""
                },
                "maximum_queue_number_per_eni": 2,
                "memory_size": 4,
                "nvme_support": "required",
                "price": "",
                "primary_eni_queue_number": 2,
                "secondary_eni_queue_number": 2,
                "total_eni_queue_quantity": 6
              },
              {
                "availability_zones": [
                  "cn-hangzhou-b"
                ],
                "burstable_instance": {
                  "baseline_credit": "0",
                  "initial_credit": "0"
                },
                "cpu_core_count": 2,
                "eni_amount": 3,
                "eni_ipv6_address_quantity": 6,
                "eni_private_ip_address_quantity": 6,
                "eni_quantity": 3,
                "family": "ecs.hfc8i",
                "gpu": {
                  "amount": "0",
                  "category": ""
                },
                "id": "ecs.hfc8i.large",
                "local_storage": {
                  "amount": "0",
                  "capacity": "0",
                  "category": ""
                },
                "maximum_queue_number_per_eni": 2,
                "memory_size": 4,
                "nvme_support": "required",
                "price": "",
                "primary_eni_queue_number": 2,
                "secondary_eni_queue_number": 2,
                "total_eni_queue_quantity": 6
              },
              {
                "availability_zones": [
                  "cn-hangzhou-b"
                ],
                "burstable_instance": {
                  "baseline_credit": "0",
                  "initial_credit": "0"
                },
                "cpu_core_count": 2,
                "eni_amount": 3,
                "eni_ipv6_address_quantity": 6,
                "eni_private_ip_address_quantity": 6,
                "eni_quantity": 3,
                "family": "ecs.c9i",
                "gpu": {
                  "amount": "0",
                  "category": ""
                },
                "id": "ecs.c9i.large",
                "local_storage": {
                  "amount": "0",
                  "capacity": "0",
                  "category": ""
                },
                "maximum_queue_number_per_eni": 2,
                "memory_size": 4,
                "nvme_support": "required",
                "price": "",
                "primary_eni_queue_number": 2,
                "secondary_eni_queue_number": 2,
                "total_eni_queue_quantity": 6
              }
            ],
            "is_outdated": null,
            "kubernetes_node_role": "Worker",
            "memory_size": 4,
            "minimum_eni_ipv6_address_quantity": null,
            "minimum_eni_private_ip_address_quantity": null,
            "network_type": null,
            "output_file": null,
            "sorted_by": null,
            "spot_strategy": "NoSpot",
            "system_disk_category": null
          },
          "sensitive_attributes": [],
          "identity_schema_version": 0
        }
      ]
    },
    {
      "mode": "data",
      "type": "alicloud_zones",
      "name": "default",
      "provider": "provider[\"registry.terraform.io/hashicorp/alicloud\"]",
      "instances": [
        {
          "schema_version": 0,
          "attributes": {
            "available_disk_category": null,
            "available_instance_type": null,
            "available_resource_creation": "VSwitch",
            "available_slb_address_ip_version": null,
            "available_slb_address_type": null,
            "enable_details": false,
            "id": "2291150053",
            "ids": [
              "cn-hangzhou-b",
              "cn-hangzhou-e",
              "cn-hangzhou-f",
              "cn-hangzhou-g",
              "cn-hangzhou-h",
              "cn-hangzhou-i",
              "cn-hangzhou-j",
              "cn-hangzhou-k"
            ],
            "instance_charge_type": "PostPaid",
            "multi": false,
            "network_type": null,
            "output_file": null,
            "spot_strategy": "NoSpot",
            "zones": [
              {
                "available_disk_categories": [],
                "available_instance_types": [],
                "available_resource_creation": [],
                "id": "cn-hangzhou-b",
                "local_name": "",
                "multi_zone_ids": [],
                "slb_slave_zone_ids": []
              },
              {
                "available_disk_categories": [],
                "available_instance_types": [],
                "available_resource_creation": [],
                "id": "cn-hangzhou-e",
                "local_name": "",
                "multi_zone_ids": [],
                "slb_slave_zone_ids": []
              },
              {
                "available_disk_categories": [],
                "available_instance_types": [],
                "available_resource_creation": [],
                "id": "cn-hangzhou-f",
                "local_name": "",
                "multi_zone_ids": [],
                "slb_slave_zone_ids": []
              },
              {
                "available_disk_categories": [],
                "available_instance_types": [],
                "available_resource_creation": [],
                "id": "cn-hangzhou-g",
                "local_name": "",
                "multi_zone_ids": [],
                "slb_slave_zone_ids": []
              },
              {
                "available_disk_categories": [],
                "available_instance_types": [],
                "available_resource_creation": [],
                "id": "cn-hangzhou-h",
                "local_name": "",
                "multi_zone_ids": [],
                "slb_slave_zone_ids": []
              },
              {
                "available_disk_categories": [],
                "available_instance_types": [],
                "available_resource_creation": [],
                "id": "cn-hangzhou-i",
                "local_name": "",
                "multi_zone_ids": [],
                "slb_slave_zone_ids": []
              },
              {
                "available_disk_categories": [],
                "available_instance_types": [],
                "available_resource_creation": [],
                "id": "cn-hangzhou-j",
                "local_name": "",
                "multi_zone_ids": [],
                "slb_slave_zone_ids": []
              },
              {
                "available_disk_categories": [],
                "available_instance_types": [],
                "available_resource_creation": [],
                "id": "cn-hangzhou-k",
                "local_name": "",
                "multi_zone_ids": [],
                "slb_slave_zone_ids": []
              }
            ]
          },
          "sensitive_attributes": [],
          "identity_schema_version": 0
        }
      ]
    },
    {
      "mode": "managed",
      "type": "alicloud_cs_managed_kubernetes",
      "name": "default",
      "provider": "provider[\"registry.terraform.io/hashicorp/alicloud\"]",
      "instances": [
        {
          "schema_version": 0,
          "attributes": {
            "addons": [],
            "api_audiences": null,
            "audit_log_config": [
              {
                "enabled": false,
                "sls_project_name": ""
              }
            ],
            "auto_mode": [],
            "availability_zone": null,
            "certificate_authority": {
              "client_cert": "LS0tLS1CRUdJTiBDRVJUSUZJQ0FURS0tLS0tCk1JSUQyVENDQXNHZ0F3SUJBZ0lJQVVHQzNJSUFBS2t3RFFZSktvWklodmNOQVFFTEJRQXdRREVSTUE4R0ExVUUKQ2hNSWFHRnVaM3BvYjNVeEZqQVVCZ05WQkFzVERXRnNhV0poWW1FZ1kyeHZkV1F4RXpBUkJnTlZCQU1UQ210MQpZbVZ5Ym1WMFpYTXdIaGNOTWpVd09EQTRNRGN5TlRBd1doY05Namd3T0RBM01EY3pNREkwV2pCS01SVXdFd1lEClZRUUtFd3h6ZVhOMFpXMDZkWE5sY25NeENUQUhCZ05WQkFzVEFERW1NQ1FHQTFVRUF4TWRNakExTXpBNE9EVTAKTlRRM01qUTJNakV3TFRFM05UUTJNemd5TWpRd2dnRWlNQTBHQ1NxR1NJYjNEUUVCQVFVQUE0SUJEd0F3Z2dFSwpBb0lCQVFDYVIrUWZTRlRZV2FRemhwSmtnNDkxN2tJV1N0SmxRNWpxc24xUmJGQ25hTlZnRnhENThONHMzZEdaClRybWdyNU5kdjlUeWVSSXVhYkhQdTU5UWZTMlVnWGQzbkhKa0pNTkhEYzhXVTRLa0RtWFVtTXp2QVc1akkycWEKUkNhMG1UQm5hUy9WbERPWlY3M1BPYXA0N2hhbU1ycHpua2VlN3R4VzE3MWdSbWgwZ2FpRVVDZmNSL1FKNTFQdAp0U0tXc3lKSHJ1dUwvcmJTY0JtOVVFWXNEN1pVUVhDaThDdjU4WTIzSXBpUzB6Z0pwcEZMYUZPcndad0NZTzlGCjl4V0pyamdTRmpubG05UGRVamI2YjMzYXdaVjNudVNJWktLdWhkUHRDRDJ0Sm5BRUZ2eFRRQ21kRlI2eXpuVFMKeHpDSEg2U0ZpWHprcThTN28vdG1vcHdYQXVZTEFnTUJBQUdqZ2N3d2dja3dEZ1lEVlIwUEFRSC9CQVFEQWdlQQpNQk1HQTFVZEpRUU1NQW9HQ0NzR0FRVUZCd01DTUF3R0ExVWRFd0VCL3dRQ01BQXdId1lEVlIwakJCZ3dGb0FVCkJZeStIRzVIL1lnSHJ4WFVoNkNYdUp5SEdmZ3dQQVlJS3dZQkJRVUhBUUVFTURBdU1Dd0dDQ3NHQVFVRkJ6QUIKaGlCb2RIUndPaTh2WTJWeWRITXVZV056TG1Gc2FYbDFiaTVqYjIwdmIyTnpjREExQmdOVkhSOEVMakFzTUNxZwpLS0FtaGlSb2RIUndPaTh2WTJWeWRITXVZV056TG1Gc2FYbDFiaTVqYjIwdmNtOXZkQzVqY213d0RRWUpLb1pJCmh2Y05BUUVMQlFBRGdnRUJBTFlCWjIvVkRxTHgrbDB0TTVUdHdCLzFZM2lSOXRhRzhlMWcvVWtaeDhlTkRGOE4Kc3g3T3Q0OW1RZVRNSHVubHhHRGJUeXpidFIyNkx6NHpLK2N5MHMxMUdNbjcxN3NhTjN3ZG56ZVhuZHd4RHVkcgprdTk2NHo0WEJaSlJUTEJPeGtBNUs4NWlXWG9KREJjQVIzNlVoSWNYQXNva0I1b2VJblVQQlZMV0dtZEZDUUJhClI4WVBJZFBsMGZQMmhFc0ovaE8rQUJMZEF0OThuSm5lWTFVVTdSS3ZHa1FaZ3o2RnZOZllqK0VheUtLZVU0eksKYWZaZk9qUGgrdlRQTTRkMmdBMHNjYTlCOGNXamdZbFJha0FSU01DajY5UysveDFJUi8wM083UHZJWXF5am91VwoyRW5DeVhNL3p4OGtpNGFwVFFlL2g1Q3dRSUJYV3F3YzNzN09Kblk9Ci0tLS0tRU5EIENFUlRJRklDQVRFLS0tLS0K",
              "client_key": "LS0tLS1CRUdJTiBSU0EgUFJJVkFURSBLRVktLS0tLQpNSUlFb3dJQkFBS0NBUUVBbWtma0gwaFUyRm1rTTRhU1pJT1BkZTVDRmtyU1pVT1k2cko5VVd4UXAyalZZQmNRCitmRGVMTjNSbVU2NW9LK1RYYi9VOG5rU0xtbXh6N3VmVUgwdGxJRjNkNXh5WkNURFJ3M1BGbE9DcEE1bDFKak0KN3dGdVl5TnFta1FtdEprd1oya3YxWlF6bVZlOXp6bXFlTzRXcGpLNmM1NUhudTdjVnRlOVlFWm9kSUdvaEZBbgozRWYwQ2VkVDdiVWlsck1pUjY3cmkvNjIwbkFadlZCR0xBKzJWRUZ3b3ZBcitmR050eUtZa3RNNENhYVJTMmhUCnE4R2NBbUR2UmZjVmlhNDRFaFk1NVp2VDNWSTIrbTk5MnNHVmQ1N2tpR1Npcm9YVDdRZzlyU1p3QkJiOFUwQXAKblJVZXNzNTAwc2N3aHgra2hZbDg1S3ZFdTZQN1pxS2NGd0xtQ3dJREFRQUJBb0lCQUNHZnAyVDE4NS9QTVkwVgpPQlIxNDY4MUJPd3MxRnZEZHJFM3d6NGFtQjFVS0tTdmdrQ21zUlVnSnN6OXJsRUowdGtzdExFL2w2bkwyVGZICjBUbk9maitPVThZYXI0ZUp4NUZWdmh0RWlnVk5LZjVDYXU5djVXbnZ6d3pkNjMyU29VejRUTGVFZkJaZ1cvcXMKdTYxdFhqeE1jL3c4czZrOHI0S3h0QkVtWng5MHgrYnFvZWJScVk3NUF6Zk10cTM0V2xYdFRYTEw1UmVZODZTNQorL3F0dHVhUWNJQWVpOCtPd0NDWHQrTmQvU3c1c3B2VzRTV3E2YkZmUlRCRmdKZllQSS83L2RlYzI5NHZqLytHCjF4eDRjWUxzRjNDOGhLaWdJYkY2OG9MeHR3dmRIMklCV0hxOWZKZnJYQU1GK1VCTnJSc2NWdHo1NFN6TTMyZWEKbCtheFRIa0NnWUVBd1JSWWNMKzhQM0ZvNW9lQWV0SVVnZ0tVV3YrZ0pVYnpIemFSOFZ5R0k4ekJ1cnBmMHA3RQp6eFRhb2FJTG1uakl5bmRuNlZiZVN3YkQyWWZkS2NPRy9TWktoS25HNk9acVFGUE5ZWmR0clA2amhWcmt2R1diClpuS283Y1hhdUo2ZjRjTXNSMTJnNEFTYkttK2JBL1ZvbDhrS3kzZHl2NDRFV2kxM3NLZGVWeWNDZ1lFQXpJN0UKdFdIOUlzdVo1b2RyUW1ZZ2VjUDBSZ1ZoMEk0RHZZbnNMMFJuU3QzVWJ2Q09qdFoxdDJ3c1VXOHRoSzh4N2hhMApLMS95RkNua2UxS2V3UGQ3UkFXdlpGN1MxSUZ5UWRhSENOMUREM2VsRUdoT21tVUJabFZpaFVOdm1XWnVHZzhFCkh0UFRHNEhwbHp4d3VlaUFZRU5nNHcwSVRUeHRiREtFb3B1eDZIMENnWUFydXFycEpsUEJYck11ZXdQN1RUYzkKMXMyNDZtcGY1dmpMV2ZXbDM1bTE0L3NBaXBPSFJWUTN2blpoNHl5VG1NV0pMWkFJUmhka2tLeXN5TnVyU05CNgo1MEE3V2FSbVBVRlZQbVdtczhBd1RSL0Y1VGNuQURBNC9NRUwwU0xmYTNXMGtScW5NeXByY2orZVZkYWJCK3JmCmJiWVhMUDk5S1BJTlpuelVNcVBvUXdLQmdHalltSHg3b0JxUWp1NTQ1SUloQkc1RkFOUk85K2JFazZnM3BFWkoKNGtPZVZiOFRMNDZJMzhkRys2UTF2dmZ1TUVKZmdyTmt0eGljckU2RmQzZGlvZHlvcVZCaHhlQkVCUU0zNlBpagpLRGNxVlFHRzVSci93R3JxUXRnWlMzOHQ0Q3NkSFRpTHkvMmlaYzh0bkgyOWJPZHFRYU8rejAxL05ucXBuaEFXCmkyYWxBb0dCQUlEYVp6V240a0lLbzU5dnM1QmhBVXpqRUNiMHBKTmdGVVVEVFFtQVpaTWFKNkpCYkhWS2EreXgKSTZ4SXA5dlduY1FQN1B3UGZxT1ZGRklpUDQ3Q3R3VGNpQnFBaWcyWktCUnZYV1J5c3I1UG9XRjVYQkZXckxqNgpzd0hwK2VIazE5aUhycFpUbWpTOWZJMnRCL2ZLaHNMcEhnZDZ5MExBSjBnTTAxU2pFOGRmCi0tLS0tRU5EIFJTQSBQUklWQVRFIEtFWS0tLS0tCg==",
              "cluster_cert": "LS0tLS1CRUdJTiBDRVJUSUZJQ0FURS0tLS0tCk1JSUR2VENDQXFXZ0F3SUJBZ0lJQVVHQ29SMEFBS2t3RFFZSktvWklodmNOQVFFTEJRQXdRREVSTUE4R0ExVUUKQ2hNSWFHRnVaM3BvYjNVeEZqQVVCZ05WQkFzVERXRnNhV0poWW1FZ1kyeHZkV1F4RXpBUkJnTlZCQU1UQ210MQpZbVZ5Ym1WMFpYTXdJQmNOTWpVd09EQTRNRGN5TWpBd1doZ1BNakExTlRBNE1ERXdOekkzTlRKYU1FQXhFVEFQCkJnTlZCQW9UQ0doaGJtZDZhRzkxTVJZd0ZBWURWUVFMRXcxaGJHbGlZV0poSUdOc2IzVmtNUk13RVFZRFZRUUQKRXdwcmRXSmxjbTVsZEdWek1JSUJJakFOQmdrcWhraUc5dzBCQVFFRkFBT0NBUThBTUlJQkNnS0NBUUVBNDBmUQpTRzlkYjEvcEZ5bzhGS255VFExbTUvSEM3a2JVOWtIWWZDd0JZcXUxWm9wc1NOUnZpTUxWSEYzTlArbStSb3gwClMwNU5uQU55cDNLYitXMDFkZlZCYmZZMFRsTEVDeWJvVDBFYndkVFRONDBZVUloN3hPUk4wRE1TeHczMXJ1aksKNytYaFBsMS9vUDlzNmlrRGxxYWoya1ZHZGtUUlZVZUVGNnZCbHFSdVJycmUrYnlQRjhjQmcxNkFMNWlUL25RYQpYUko5eDgrazV2WWtmVFZUSzhCcllob29MVmpyVk5HUEFDbHRwMzdCSkFRdW1WdU1uZ1k0N2JaWUpLVXhYMGFJCllCZ20vM3RIVTExaHRoQzUreGFQcFFwczBxWnVQN3dBemNMa0JyY1pRMTQ3WTcvS3JXUy9wY2ZGb3JHdWYzVFAKQWt2Vkw3QjhrRE1qZjFYdGZRSURBUUFCbzRHNE1JRzFNQTRHQTFVZER3RUIvd1FFQXdJQ3JEQVBCZ05WSFJNQgpBZjhFQlRBREFRSC9NQjBHQTFVZERnUVdCQlFGakw0Y2JrZjlpQWV2RmRTSG9KZTRuSWNaK0RBOEJnZ3JCZ0VGCkJRY0JBUVF3TUM0d0xBWUlLd1lCQlFVSE1BR0dJR2gwZEhBNkx5OWpaWEowY3k1aFkzTXVZV3hwZVhWdUxtTnYKYlM5dlkzTndNRFVHQTFVZEh3UXVNQ3d3S3FBb29DYUdKR2gwZEhBNkx5OWpaWEowY3k1aFkzTXVZV3hwZVhWdQpMbU52YlM5eWIyOTBMbU55YkRBTkJna3Foa2lHOXcwQkFRc0ZBQU9DQVFFQVBmQVpJa0FIWm1DWG8wenBDelRuCi9IYVI1dk4wT1ZkaW12NFNzL3NPOXVuUXU1QWgvczZ1b09oT3FrWGcyWXlTS2xlenZzbys4OEVQQk5hcEFyM0oKQUpLcWtET3lZTnExTmYyVGZIcjVYV3ptTGZEaFJMTjVCY1J6Ti84MThxb0xUdURGTmswSUV3a2NqRUlwOENoQwpuclR5VXBTRmpJMFVrWVg1cm9GbGlnb2xYRjhZTlFnSDhQY2Z1SEx3eUdyWlB3blVVOUVwYXlOQ25WZ05UQnFvCnZTQklrTXVmeU4rTnQ0TEduNlhBQnpJemkvRWFldGRzQU5kN1dEcXVOcnFLcThMUzRXVkk2VHlHN3Vra2lOc3kKbU95Vkh0Nkc1bzl3ZlBjUkE0ZzhCbzVlRHEwWlR5dXhCdXVuU290TVQyaFp6cWF5ZUNaeVpHQmNjUEVUM1ZXZgpPQT09Ci0tLS0tRU5EIENFUlRJRklDQVRFLS0tLS0K"
            },
            "client_cert": null,
            "client_key": null,
            "cluster_ca_cert": null,
            "cluster_domain": "cluster.local",
            "cluster_network_type": null,
            "cluster_spec": "ack.standard",
            "connections": {
              "api_server_internet": "https://112.124.39.233:6443",
              "api_server_intranet": "https://10.1.1.179:6443",
              "master_public_ip": "112.124.39.233",
              "service_domain": "*.c6777124776d843029cfb7debdca6d8e4.cn-hangzhou.alicontainer.com"
            },
            "control_plane_log_components": null,
            "control_plane_log_project": null,
            "control_plane_log_ttl": null,
            "cpu_policy": null,
            "custom_san": null,
            "delete_options": [],
            "deletion_protection": false,
            "enable_rrsa": false,
            "enable_ssh": null,
            "encryption_provider_key": null,
            "exclude_autoscaler_nodes": null,
            "force_update": null,
            "id": "c6777124776d843029cfb7debdca6d8e4",
            "image_id": null,
            "install_cloud_monitor": null,
            "ip_stack": "ipv4",
            "is_enterprise_security_group": null,
            "key_name": null,
            "kms_encrypted_password": null,
            "kms_encryption_context": null,
            "kube_config": null,
            "load_balancer_spec": null,
            "log_config": [],
            "maintenance_window": [
              {
                "duration": "",
                "enable": false,
                "maintenance_time": "",
                "weekly_period": ""
              }
            ],
            "name": "my-first-kubernetes-demo20250808072746195300000001",
            "name_prefix": "my-first-kubernetes-demo",
            "nat_gateway_id": "ngw-bp14dbtngwi6ztl75b9sa",
            "new_nat_gateway": true,
            "node_cidr_mask": 24,
            "node_name_mode": null,
            "node_port_range": null,
            "operation_policy": [],
            "os_type": null,
            "password": null,
            "platform": null,
            "pod_cidr": "172.20.0.0/16",
            "pod_vswitch_ids": null,
            "profile": "Default",
            "proxy_mode": "ipvs",
            "rds_instances": null,
            "resource_group_id": "rg-acfm2lfkz2nvmwq",
            "retain_resources": null,
            "rrsa_metadata": [
              {
                "enabled": false,
                "ram_oidc_provider_arn": "",
                "ram_oidc_provider_name": "",
                "rrsa_oidc_issuer_url": ""
              }
            ],
            "runtime": null,
            "security_group_id": "sg-bp14w89p861lyvh2v4n2",
            "service_account_issuer": null,
            "service_cidr": "172.21.0.0/20",
            "skip_set_certificate_authority": null,
            "slb_id": "lb-bp1vthoi7k42wf40zhlw9",
            "slb_internet": "112.124.39.233",
            "slb_internet_enabled": true,
            "slb_intranet": "10.1.1.179",
            "tags": null,
            "taints": [],
            "timeouts": null,
            "timezone": null,
            "user_ca": null,
            "user_data": null,
            "version": "1.33.3-aliyun.1",
            "vpc_id": "vpc-bp13fnfyymc7jsgy9736a",
            "vswitch_ids": [
              "vsw-bp11bi5iwqo86f72eb4d9"
            ],
            "worker_auto_renew": null,
            "worker_auto_renew_period": null,
            "worker_data_disk_category": null,
            "worker_data_disk_size": null,
            "worker_data_disks": [],
            "worker_disk_category": null,
            "worker_disk_performance_level": null,
            "worker_disk_size": null,
            "worker_disk_snapshot_policy_id": null,
            "worker_instance_charge_type": null,
            "worker_instance_type": null,
            "worker_instance_types": null,
            "worker_nodes": null,
            "worker_number": null,
            "worker_numbers": null,
            "worker_period": null,
            "worker_period_unit": null,
            "worker_ram_role_name": "KubernetesWorkerRole-800e18bb-bbc6-4cfc-bd5d-7529dcc301f1",
            "worker_vswitch_ids": [
              "vsw-bp11bi5iwqo86f72eb4d9"
            ],
            "zone_ids": null
          },
          "sensitive_attributes": [
            [
              {
                "type": "get_attr",
                "value": "password"
              }
            ]
          ],
          "identity_schema_version": 0,
          "private": "eyJlMmJmYjczMC1lY2FhLTExZTYtOGY4OC0zNDM2M2JjN2M0YzAiOnsiY3JlYXRlIjo1NDAwMDAwMDAwMDAwLCJkZWxldGUiOjM2MDAwMDAwMDAwMDAsInVwZGF0ZSI6MzYwMDAwMDAwMDAwMH19",
          "dependencies": [
            "alicloud_vpc.default",
            "alicloud_vswitch.default",
            "data.alicloud_zones.default"
          ]
        }
      ]
    },
    {
      "mode": "managed",
      "type": "alicloud_vpc",
      "name": "default",
      "provider": "provider[\"registry.terraform.io/hashicorp/alicloud\"]",
      "instances": [
        {
          "schema_version": 0,
          "attributes": {
            "cidr_block": "10.1.0.0/21",
            "classic_link_enabled": false,
            "create_time": "2025-08-08T07:27:33Z",
            "description": "",
            "dns_hostname_status": "DISABLED",
            "dry_run": null,
            "enable_ipv6": false,
            "force_delete": null,
            "id": "vpc-bp13fnfyymc7jsgy9736a",
            "ipv4_cidr_mask": null,
            "ipv4_ipam_pool_id": null,
            "ipv6_cidr_block": "",
            "ipv6_cidr_blocks": [],
            "ipv6_isp": null,
            "is_default": null,
            "name": "my-first-kubernetes-demo",
            "region_id": "cn-hangzhou",
            "resource_group_id": "rg-acfm2lfkz2nvmwq",
            "route_table_id": "vtb-bp1j8o5owin3yum7at9sk",
            "router_id": "vrt-bp1jlkz2fq8v5fsqp3nwz",
            "router_table_id": "vtb-bp1j8o5owin3yum7at9sk",
            "secondary_cidr_blocks": [],
            "secondary_cidr_mask": null,
            "status": "Available",
            "system_route_table_description": "",
            "system_route_table_name": "",
            "system_route_table_route_propagation_enable": true,
            "tags": null,
            "timeouts": null,
            "user_cidrs": [],
            "vpc_name": "my-first-kubernetes-demo"
          },
          "sensitive_attributes": [],
          "identity_schema_version": 0,
          "private": "eyJlMmJmYjczMC1lY2FhLTExZTYtOGY4OC0zNDM2M2JjN2M0YzAiOnsiY3JlYXRlIjo2MDAwMDAwMDAwMDAsImRlbGV0ZSI6MzAwMDAwMDAwMDAwLCJ1cGRhdGUiOjMwMDAwMDAwMDAwMH19"
        }
      ]
    },
    {
      "mode": "managed",
      "type": "alicloud_vswitch",
      "name": "default",
      "provider": "provider[\"registry.terraform.io/hashicorp/alicloud\"]",
      "instances": [
        {
          "schema_version": 0,
          "attributes": {
            "availability_zone": "cn-hangzhou-b",
            "cidr_block": "10.1.1.0/24",
            "create_time": "2025-08-08T07:27:40Z",
            "description": "",
            "enable_ipv6": null,
            "id": "vsw-bp11bi5iwqo86f72eb4d9",
            "ipv6_cidr_block": "",
            "ipv6_cidr_block_mask": null,
            "is_default": null,
            "name": "my-first-kubernetes-demo",
            "status": "Available",
            "tags": null,
            "timeouts": null,
            "vpc_id": "vpc-bp13fnfyymc7jsgy9736a",
            "vswitch_name": "my-first-kubernetes-demo",
            "zone_id": "cn-hangzhou-b"
          },
          "sensitive_attributes": [],
          "identity_schema_version": 0,
          "private": "eyJlMmJmYjczMC1lY2FhLTExZTYtOGY4OC0zNDM2M2JjN2M0YzAiOnsiY3JlYXRlIjozMDAwMDAwMDAwMDAsImRlbGV0ZSI6NjAwMDAwMDAwMDAwLCJ1cGRhdGUiOjMwMDAwMDAwMDAwMH19",
          "dependencies": [
            "alicloud_vpc.default",
            "data.alicloud_zones.default"
          ]
        }
      ]
    }
  ],
  "check_results": null
}
